
Microsoft Visual Studio Solution File, Format Version 12.00
# Visual Studio Version 16
VisualStudioVersion = 16.0.30011.22
MinimumVisualStudioVersion = 10.0.40219.1
Project("{FAE04EC0-301F-11D3-BF4B-00C04F79EFBC}") = "CA2", "CA2.csproj", "{2D9C673A-36C4-4C7A-B0D9-AA0F24E2EEB6}"
EndProject
Global
	GlobalSection(SolutionConfigurationPlatforms) = preSolution
		Debug|Any CPU = Debug|Any CPU
		Release|Any CPU = Release|Any CPU
	EndGlobalSection
	GlobalSection(ProjectConfigurationPlatforms) = postSolution
		{2D9C673A-36C4-4C7A-B0D9-AA0F24E2EEB6}.Debug|Any CPU.ActiveCfg = Debug|Any CPU
		{2D9C673A-36C4-4C7A-B0D9-AA0F24E2EEB6}.Debug|Any CPU.Build.0 = Debug|Any CPU
		{2D9C673A-36C4-4C7A-B0D9-AA0F24E2EEB6}.Release|Any CPU.ActiveCfg = Release|Any CPU
		{2D9C673A-36C4-4C7A-B0D9-AA0F24E2EEB6}.Release|Any CPU.Build.0 = Release|Any CPU
	EndGlobalSection
	GlobalSection(SolutionProperties) = preSolution
		HideSolutionNode = FALSE
	EndGlobalSection
	GlobalSection(ExtensibilityGlobals) = postSolution
		SolutionGuid = {15E0FD15-A990-4203-97E3-4AEA5577A38D}
	EndGlobalSection
EndGlobal
